// !$*UTF8*$!
{
	archiveVersion = 1;
	classes = {
	};
	objectVersion = 50;
	objects = {

/* Begin PBXBuildFile section */
		FF41E19920F8406500E77A4A /* AppDelegate.m in Sources */ = {isa = PBXBuildFile; fileRef = FF41E19820F8406500E77A4A /* AppDelegate.m */; };
		FF41E19F20F8406500E77A4A /* Main.storyboard in Resources */ = {isa = PBXBuildFile; fileRef = FF41E19D20F8406500E77A4A /* Main.storyboard */; };
		FF41E1A120F8406700E77A4A /* Assets.xcassets in Resources */ = {isa = PBXBuildFile; fileRef = FF41E1A020F8406700E77A4A /* Assets.xcassets */; };
		FF41E1A420F8406700E77A4A /* LaunchScreen.storyboard in Resources */ = {isa = PBXBuildFile; fileRef = FF41E1A220F8406700E77A4A /* LaunchScreen.storyboard */; };
		FF41E1A720F8406700E77A4A /* main.m in Sources */ = {isa = PBXBuildFile; fileRef = FF41E1A620F8406700E77A4A /* main.m */; };
		FF41E1B120F8406700E77A4A /* ____Tests.m in Sources */ = {isa = PBXBuildFile; fileRef = FF41E1B020F8406700E77A4A /* ____Tests.m */; };
		FF41E1BC20F8406700E77A4A /* ____UITests.m in Sources */ = {isa = PBXBuildFile; fileRef = FF41E1BB20F8406700E77A4A /* ____UITests.m */; };
		FF41E1CB20F843FC00E77A4A /* MailVC.m in Sources */ = {isa = PBXBuildFile; fileRef = FF41E1CA20F843FC00E77A4A /* MailVC.m */; };
		FF41E1CD20F84DFA00E77A4A /* PthreadVC.m in Sources */ = {isa = PBXBuildFile; fileRef = FF41E1CC20F84DFA00E77A4A /* PthreadVC.m */; };
		FF41E1D020F84E2500E77A4A /* NSThreadVC.m in Sources */ = {isa = PBXBuildFile; fileRef = FF41E1CF20F84E2500E77A4A /* NSThreadVC.m */; };
		FF41E1D520F87E7500E77A4A /* ThreadStatusVC.m in Sources */ = {isa = PBXBuildFile; fileRef = FF41E1D420F87E7500E77A4A /* ThreadStatusVC.m */; };
		FF41E1D820F87EE400E77A4A /* ThreadSuXingVC.m in Sources */ = {isa = PBXBuildFile; fileRef = FF41E1D720F87EE400E77A4A /* ThreadSuXingVC.m */; };
		FF41E1DB20F889F500E77A4A /* Demo.m in Sources */ = {isa = PBXBuildFile; fileRef = FF41E1DA20F889F500E77A4A /* Demo.m */; };
/* End PBXBuildFile section */

/* Begin PBXContainerItemProxy section */
		FF41E1AD20F8406700E77A4A /* PBXContainerItemProxy */ = {
			isa = PBXContainerItemProxy;
			containerPortal = FF41E18C20F8406500E77A4A /* Project object */;
			proxyType = 1;
			remoteGlobalIDString = FF41E19320F8406500E77A4A;
			remoteInfo = "线程基础";
		};
		FF41E1B820F8406700E77A4A /* PBXContainerItemProxy */ = {
			isa = PBXContainerItemProxy;
			containerPortal = FF41E18C20F8406500E77A4A /* Project object */;
			proxyType = 1;
			remoteGlobalIDString = FF41E19320F8406500E77A4A;
			remoteInfo = "线程基础";
		};
/* End PBXContainerItemProxy section */

/* Begin PBXFileReference section */
		FF41E19420F8406500E77A4A /* 线程基础.app */ = {isa = PBXFileReference; explicitFileType = wrapper.application; includeInIndex = 0; path = "线程基础.app"; sourceTree = BUILT_PRODUCTS_DIR; };
		FF41E19720F8406500E77A4A /* AppDelegate.h */ = {isa = PBXFileReference; lastKnownFileType = sourcecode.c.h; path = AppDelegate.h; sourceTree = "<group>"; };
		FF41E19820F8406500E77A4A /* AppDelegate.m */ = {isa = PBXFileReference; lastKnownFileType = sourcecode.c.objc; path = AppDelegate.m; sourceTree = "<group>"; };
		FF41E19A20F8406500E77A4A /* PthreadVC.h */ = {isa = PBXFileReference; lastKnownFileType = sourcecode.c.h; path = PthreadVC.h; sourceTree = "<group>"; };
		FF41E19E20F8406500E77A4A /* Base */ = {isa = PBXFileReference; lastKnownFileType = file.storyboard; name = Base; path = Base.lproj/Main.storyboard; sourceTree = "<group>"; };
		FF41E1A020F8406700E77A4A /* Assets.xcassets */ = {isa = PBXFileReference; lastKnownFileType = folder.assetcatalog; path = Assets.xcassets; sourceTree = "<group>"; };
		FF41E1A320F8406700E77A4A /* Base */ = {isa = PBXFileReference; lastKnownFileType = file.storyboard; name = Base; path = Base.lproj/LaunchScreen.storyboard; sourceTree = "<group>"; };
		FF41E1A520F8406700E77A4A /* Info.plist */ = {isa = PBXFileReference; lastKnownFileType = text.plist.xml; path = Info.plist; sourceTree = "<group>"; };
		FF41E1A620F8406700E77A4A /* main.m */ = {isa = PBXFileReference; lastKnownFileType = sourcecode.c.objc; path = main.m; sourceTree = "<group>"; };
		FF41E1AC20F8406700E77A4A /* 线程基础Tests.xctest */ = {isa = PBXFileReference; explicitFileType = wrapper.cfbundle; includeInIndex = 0; path = "线程基础Tests.xctest"; sourceTree = BUILT_PRODUCTS_DIR; };
		FF41E1B020F8406700E77A4A /* ____Tests.m */ = {isa = PBXFileReference; lastKnownFileType = sourcecode.c.objc; path = "____Tests.m"; sourceTree = "<group>"; };
		FF41E1B220F8406700E77A4A /* Info.plist */ = {isa = PBXFileReference; lastKnownFileType = text.plist.xml; path = Info.plist; sourceTree = "<group>"; };
		FF41E1B720F8406700E77A4A /* 线程基础UITests.xctest */ = {isa = PBXFileReference; explicitFileType = wrapper.cfbundle; includeInIndex = 0; path = "线程基础UITests.xctest"; sourceTree = BUILT_PRODUCTS_DIR; };
		FF41E1BB20F8406700E77A4A /* ____UITests.m */ = {isa = PBXFileReference; lastKnownFileType = sourcecode.c.objc; path = "____UITests.m"; sourceTree = "<group>"; };
		FF41E1BD20F8406700E77A4A /* Info.plist */ = {isa = PBXFileReference; lastKnownFileType = text.plist.xml; path = Info.plist; sourceTree = "<group>"; };
		FF41E1C920F843FC00E77A4A /* MailVC.h */ = {isa = PBXFileReference; lastKnownFileType = sourcecode.c.h; path = MailVC.h; sourceTree = "<group>"; };
		FF41E1CA20F843FC00E77A4A /* MailVC.m */ = {isa = PBXFileReference; lastKnownFileType = sourcecode.c.objc; path = MailVC.m; sourceTree = "<group>"; };
		FF41E1CC20F84DFA00E77A4A /* PthreadVC.m */ = {isa = PBXFileReference; fileEncoding = 4; lastKnownFileType = sourcecode.c.objc; path = PthreadVC.m; sourceTree = "<group>"; };
		FF41E1CE20F84E2500E77A4A /* NSThreadVC.h */ = {isa = PBXFileReference; lastKnownFileType = sourcecode.c.h; path = NSThreadVC.h; sourceTree = "<group>"; };
		FF41E1CF20F84E2500E77A4A /* NSThreadVC.m */ = {isa = PBXFileReference; lastKnownFileType = sourcecode.c.objc; path = NSThreadVC.m; sourceTree = "<group>"; };
		FF41E1D120F84FA300E77A4A /* ThreadStatusVC.h */ = {isa = PBXFileReference; lastKnownFileType = sourcecode.c.h; path = ThreadStatusVC.h; sourceTree = "<group>"; };
		FF41E1D420F87E7500E77A4A /* ThreadStatusVC.m */ = {isa = PBXFileReference; fileEncoding = 4; lastKnownFileType = sourcecode.c.objc; path = ThreadStatusVC.m; sourceTree = "<group>"; };
		FF41E1D620F87EE400E77A4A /* ThreadSuXingVC.h */ = {isa = PBXFileReference; lastKnownFileType = sourcecode.c.h; path = ThreadSuXingVC.h; sourceTree = "<group>"; };
		FF41E1D720F87EE400E77A4A /* ThreadSuXingVC.m */ = {isa = PBXFileReference; lastKnownFileType = sourcecode.c.objc; path = ThreadSuXingVC.m; sourceTree = "<group>"; };
		FF41E1D920F889F500E77A4A /* Demo.h */ = {isa = PBXFileReference; lastKnownFileType = sourcecode.c.h; path = Demo.h; sourceTree = "<group>"; };
		FF41E1DA20F889F500E77A4A /* Demo.m */ = {isa = PBXFileReference; lastKnownFileType = sourcecode.c.objc; path = Demo.m; sourceTree = "<group>"; };
/* End PBXFileReference section */

/* Begin PBXFrameworksBuildPhase section */
		FF41E19120F8406500E77A4A /* Frameworks */ = {
			isa = PBXFrameworksBuildPhase;
			buildActionMask = 2147483647;
			files = (
			);
			runOnlyForDeploymentPostprocessing = 0;
		};
		FF41E1A920F8406700E77A4A /* Frameworks */ = {
			isa = PBXFrameworksBuildPhase;
			buildActionMask = 2147483647;
			files = (
			);
			runOnlyForDeploymentPostprocessing = 0;
		};
		FF41E1B420F8406700E77A4A /* Frameworks */ = {
			isa = PBXFrameworksBuildPhase;
			buildActionMask = 2147483647;
			files = (
			);
			runOnlyForDeploymentPostprocessing = 0;
		};
/* End PBXFrameworksBuildPhase section */

/* Begin PBXGroup section */
		FF41E18B20F8406500E77A4A = {
			isa = PBXGroup;
			children = (
				FF41E19620F8406500E77A4A /* 线程基础 */,
				FF41E1AF20F8406700E77A4A /* 线程基础Tests */,
				FF41E1BA20F8406700E77A4A /* 线程基础UITests */,
				FF41E19520F8406500E77A4A /* Products */,
			);
			sourceTree = "<group>";
		};
		FF41E19520F8406500E77A4A /* Products */ = {
			isa = PBXGroup;
			children = (
				FF41E19420F8406500E77A4A /* 线程基础.app */,
				FF41E1AC20F8406700E77A4A /* 线程基础Tests.xctest */,
				FF41E1B720F8406700E77A4A /* 线程基础UITests.xctest */,
			);
			name = Products;
			sourceTree = "<group>";
		};
		FF41E19620F8406500E77A4A /* 线程基础 */ = {
			isa = PBXGroup;
			children = (
				FF41E19720F8406500E77A4A /* AppDelegate.h */,
				FF41E19820F8406500E77A4A /* AppDelegate.m */,
				FF41E1C920F843FC00E77A4A /* MailVC.h */,
				FF41E1CA20F843FC00E77A4A /* MailVC.m */,
				FF41E19A20F8406500E77A4A /* PthreadVC.h */,
				FF41E1CC20F84DFA00E77A4A /* PthreadVC.m */,
				FF41E1CE20F84E2500E77A4A /* NSThreadVC.h */,
				FF41E1CF20F84E2500E77A4A /* NSThreadVC.m */,
				FF41E1D120F84FA300E77A4A /* ThreadStatusVC.h */,
				FF41E1D420F87E7500E77A4A /* ThreadStatusVC.m */,
				FF41E1D620F87EE400E77A4A /* ThreadSuXingVC.h */,
				FF41E1D720F87EE400E77A4A /* ThreadSuXingVC.m */,
				FF41E1D920F889F500E77A4A /* Demo.h */,
				FF41E1DA20F889F500E77A4A /* Demo.m */,
				FF41E19D20F8406500E77A4A /* Main.storyboard */,
				FF41E1A020F8406700E77A4A /* Assets.xcassets */,
				FF41E1A220F8406700E77A4A /* LaunchScreen.storyboard */,
				FF41E1A520F8406700E77A4A /* Info.plist */,
				FF41E1A620F8406700E77A4A /* main.m */,
			);
			path = "线程基础";
			sourceTree = "<group>";
		};
		FF41E1AF20F8406700E77A4A /* 线程基础Tests */ = {
			isa = PBXGroup;
			children = (
				FF41E1B020F8406700E77A4A /* ____Tests.m */,
				FF41E1B220F8406700E77A4A /* Info.plist */,
			);
			path = "线程基础Tests";
			sourceTree = "<group>";
		};
		FF41E1BA20F8406700E77A4A /* 线程基础UITests */ = {
			isa = PBXGroup;
			children = (
				FF41E1BB20F8406700E77A4A /* ____UITests.m */,
				FF41E1BD20F8406700E77A4A /* Info.plist */,
			);
			path = "线程基础UITests";
			sourceTree = "<group>";
		};
/* End PBXGroup section */

/* Begin PBXNativeTarget section */
		FF41E19320F8406500E77A4A /* 线程基础 */ = {
			isa = PBXNativeTarget;
			buildConfigurationList = FF41E1C020F8406700E77A4A /* Build configuration list for PBXNativeTarget "线程基础" */;
			buildPhases = (
				FF41E19020F8406500E77A4A /* Sources */,
				FF41E19120F8406500E77A4A /* Frameworks */,
				FF41E19220F8406500E77A4A /* Resources */,
			);
			buildRules = (
			);
			dependencies = (
			);
			name = "线程基础";
			productName = "线程基础";
			productReference = FF41E19420F8406500E77A4A /* 线程基础.app */;
			productType = "com.apple.product-type.application";
		};
		FF41E1AB20F8406700E77A4A /* 线程基础Tests */ = {
			isa = PBXNativeTarget;
			buildConfigurationList = FF41E1C320F8406700E77A4A /* Build configuration list for PBXNativeTarget "线程基础Tests" */;
			buildPhases = (
				FF41E1A820F8406700E77A4A /* Sources */,
				FF41E1A920F8406700E77A4A /* Frameworks */,
				FF41E1AA20F8406700E77A4A /* Resources */,
			);
			buildRules = (
			);
			dependencies = (
				FF41E1AE20F8406700E77A4A /* PBXTargetDependency */,
			);
			name = "线程基础Tests";
			productName = "线程基础Tests";
			productReference = FF41E1AC20F8406700E77A4A /* 线程基础Tests.xctest */;
			productType = "com.apple.product-type.bundle.unit-test";
		};
		FF41E1B620F8406700E77A4A /* 线程基础UITests */ = {
			isa = PBXNativeTarget;
			buildConfigurationList = FF41E1C620F8406700E77A4A /* Build configuration list for PBXNativeTarget "线程基础UITests" */;
			buildPhases = (
				FF41E1B320F8406700E77A4A /* Sources */,
				FF41E1B420F8406700E77A4A /* Frameworks */,
				FF41E1B520F8406700E77A4A /* Resources */,
			);
			buildRules = (
			);
			dependencies = (
				FF41E1B920F8406700E77A4A /* PBXTargetDependency */,
			);
			name = "线程基础UITests";
			productName = "线程基础UITests";
			productReference = FF41E1B720F8406700E77A4A /* 线程基础UITests.xctest */;
			productType = "com.apple.product-type.bundle.ui-testing";
		};
/* End PBXNativeTarget section */

/* Begin PBXProject section */
		FF41E18C20F8406500E77A4A /* Project object */ = {
			isa = PBXProject;
			attributes = {
				LastUpgradeCheck = 0940;
				ORGANIZATIONNAME = "李泽平";
				TargetAttributes = {
					FF41E19320F8406500E77A4A = {
						CreatedOnToolsVersion = 9.4;
					};
					FF41E1AB20F8406700E77A4A = {
						CreatedOnToolsVersion = 9.4;
						TestTargetID = FF41E19320F8406500E77A4A;
					};
					FF41E1B620F8406700E77A4A = {
						CreatedOnToolsVersion = 9.4;
						TestTargetID = FF41E19320F8406500E77A4A;
					};
				};
			};
			buildConfigurationList = FF41E18F20F8406500E77A4A /* Build configuration list for PBXProject "线程基础" */;
			compatibilityVersion = "Xcode 9.3";
			developmentRegion = en;
			hasScannedForEncodings = 0;
			knownRegions = (
				en,
				Base,
			);
			mainGroup = FF41E18B20F8406500E77A4A;
			productRefGroup = FF41E19520F8406500E77A4A /* Products */;
			projectDirPath = "";
			projectRoot = "";
			targets = (
				FF41E19320F8406500E77A4A /* 线程基础 */,
				FF41E1AB20F8406700E77A4A /* 线程基础Tests */,
				FF41E1B620F8406700E77A4A /* 线程基础UITests */,
			);
		};
/* End PBXProject section */

/* Begin PBXResourcesBuildPhase section */
		FF41E19220F8406500E77A4A /* Resources */ = {
			isa = PBXResourcesBuildPhase;
			buildActionMask = 2147483647;
			files = (
				FF41E1A420F8406700E77A4A /* LaunchScreen.storyboard in Resources */,
				FF41E1A120F8406700E77A4A /* Assets.xcassets in Resources */,
				FF41E19F20F8406500E77A4A /* Main.storyboard in Resources */,
			);
			runOnlyForDeploymentPostprocessing = 0;
		};
		FF41E1AA20F8406700E77A4A /* Resources */ = {
			isa = PBXResourcesBuildPhase;
			buildActionMask = 2147483647;
			files = (
			);
			runOnlyForDeploymentPostprocessing = 0;
		};
		FF41E1B520F8406700E77A4A /* Resources */ = {
			isa = PBXResourcesBuildPhase;
			buildActionMask = 2147483647;
			files = (
			);
			runOnlyForDeploymentPostprocessing = 0;
		};
/* End PBXResourcesBuildPhase section */

/* Begin PBXSourcesBuildPhase section */
		FF41E19020F8406500E77A4A /* Sources */ = {
			isa = PBXSourcesBuildPhase;
			buildActionMask = 2147483647;
			files = (
				FF41E1D820F87EE400E77A4A /* ThreadSuXingVC.m in Sources */,
				FF41E1A720F8406700E77A4A /* main.m in Sources */,
				FF41E1D020F84E2500E77A4A /* NSThreadVC.m in Sources */,
				FF41E19920F8406500E77A4A /* AppDelegate.m in Sources */,
				FF41E1D520F87E7500E77A4A /* ThreadStatusVC.m in Sources */,
				FF41E1CD20F84DFA00E77A4A /* PthreadVC.m in Sources */,
				FF41E1DB20F889F500E77A4A /* Demo.m in Sources */,
				FF41E1CB20F843FC00E77A4A /* MailVC.m in Sources */,
			);
			runOnlyForDeploymentPostprocessing = 0;
		};
		FF41E1A820F8406700E77A4A /* Sources */ = {
			isa = PBXSourcesBuildPhase;
			buildActionMask = 2147483647;
			files = (
				FF41E1B120F8406700E77A4A /* ____Tests.m in Sources */,
			);
			runOnlyForDeploymentPostprocessing = 0;
		};
		FF41E1B320F8406700E77A4A /* Sources */ = {
			isa = PBXSourcesBuildPhase;
			buildActionMask = 2147483647;
			files = (
				FF41E1BC20F8406700E77A4A /* ____UITests.m in Sources */,
			);
			runOnlyForDeploymentPostprocessing = 0;
		};
/* End PBXSourcesBuildPhase section */

/* Begin PBXTargetDependency section */
		FF41E1AE20F8406700E77A4A /* PBXTargetDependency */ = {
			isa = PBXTargetDependency;
			target = FF41E19320F8406500E77A4A /* 线程基础 */;
			targetProxy = FF41E1AD20F8406700E77A4A /* PBXContainerItemProxy */;
		};
		FF41E1B920F8406700E77A4A /* PBXTargetDependency */ = {
			isa = PBXTargetDependency;
			target = FF41E19320F8406500E77A4A /* 线程基础 */;
			targetProxy = FF41E1B820F8406700E77A4A /* PBXContainerItemProxy */;
		};
/* End PBXTargetDependency section */

/* Begin PBXVariantGroup section */
		FF41E19D20F8406500E77A4A /* Main.storyboard */ = {
			isa = PBXVariantGroup;
			children = (
				FF41E19E20F8406500E77A4A /* Base */,
			);
			name = Main.storyboard;
			sourceTree = "<group>";
		};
		FF41E1A220F8406700E77A4A /* LaunchScreen.storyboard */ = {
			isa = PBXVariantGroup;
			children = (
				FF41E1A320F8406700E77A4A /* Base */,
			);
			name = LaunchScreen.storyboard;
			sourceTree = "<group>";
		};
/* End PBXVariantGroup section */

/* Begin XCBuildConfiguration section */
		FF41E1BE20F8406700E77A4A /* Debug */ = {
			isa = XCBuildConfiguration;
			buildSettings = {
				ALWAYS_SEARCH_USER_PATHS = NO;
				CLANG_ANALYZER_NONNULL = YES;
				CLANG_ANALYZER_NUMBER_OBJECT_CONVERSION = YES_AGGRESSIVE;
				CLANG_CXX_LANGUAGE_STANDARD = "gnu++14";
				CLANG_CXX_LIBRARY = "libc++";
				CLANG_ENABLE_MODULES = YES;
				CLANG_ENABLE_OBJC_ARC = YES;
				CLANG_ENABLE_OBJC_WEAK = YES;
				CLANG_WARN_BLOCK_CAPTURE_AUTORELEASING = YES;
				CLANG_WARN_BOOL_CONVERSION = YES;
				CLANG_WARN_COMMA = YES;
				CLANG_WARN_CONSTANT_CONVERSION = YES;
				CLANG_WARN_DEPRECATED_OBJC_IMPLEMENTATIONS = YES;
				CLANG_WARN_DIRECT_OBJC_ISA_USAGE = YES_ERROR;
				CLANG_WARN_DOCUMENTATION_COMMENTS = YES;
				CLANG_WARN_EMPTY_BODY = YES;
				CLANG_WARN_ENUM_CONVERSION = YES;
				CLANG_WARN_INFINITE_RECURSION = YES;
				CLANG_WARN_INT_CONVERSION = YES;
				CLANG_WARN_NON_LITERAL_NULL_CONVERSION = YES;
				CLANG_WARN_OBJC_IMPLICIT_RETAIN_SELF = YES;
				CLANG_WARN_OBJC_LITERAL_CONVERSION = YES;
				CLANG_WARN_OBJC_ROOT_CLASS = YES_ERROR;
				CLANG_WARN_RANGE_LOOP_ANALYSIS = YES;
				CLANG_WARN_STRICT_PROTOTYPES = YES;
				CLANG_WARN_SUSPICIOUS_MOVE = YES;
				CLANG_WARN_UNGUARDED_AVAILABILITY = YES_AGGRESSIVE;
				CLANG_WARN_UNREACHABLE_CODE = YES;
				CLANG_WARN__DUPLICATE_METHOD_MATCH = YES;
				CODE_SIGN_IDENTITY = "iPhone Developer";
				COPY_PHASE_STRIP = NO;
				DEBUG_INFORMATION_FORMAT = dwarf;
				ENABLE_STRICT_OBJC_MSGSEND = YES;
				ENABLE_TESTABILITY = YES;
				GCC_C_LANGUAGE_STANDARD = gnu11;
				GCC_DYNAMIC_NO_PIC = NO;
				GCC_NO_COMMON_BLOCKS = YES;
				GCC_OPTIMIZATION_LEVEL = 0;
				GCC_PREPROCESSOR_DEFINITIONS = (
					"DEBUG=1",
					"$(inherited)",
				);
				GCC_WARN_64_TO_32_BIT_CONVERSION = YES;
				GCC_WARN_ABOUT_RETURN_TYPE = YES_ERROR;
				GCC_WARN_UNDECLARED_SELECTOR = YES;
				GCC_WARN_UNINITIALIZED_AUTOS = YES_AGGRESSIVE;
				GCC_WARN_UNUSED_FUNCTION = YES;
				GCC_WARN_UNUSED_VARIABLE = YES;
				IPHONEOS_DEPLOYMENT_TARGET = 11.4;
				MTL_ENABLE_DEBUG_INFO = YES;
				ONLY_ACTIVE_ARCH = YES;
				SDKROOT = iphoneos;
			};
			name = Debug;
		};
		FF41E1BF20F8406700E77A4A /* Release */ = {
			isa = XCBuildConfiguration;
			buildSettings = {
				ALWAYS_SEARCH_USER_PATHS = NO;
				CLANG_ANALYZER_NONNULL = YES;
				CLANG_ANALYZER_NUMBER_OBJECT_CONVERSION = YES_AGGRESSIVE;
				CLANG_CXX_LANGUAGE_STANDARD = "gnu++14";
				CLANG_CXX_LIBRARY = "libc++";
				CLANG_ENABLE_MODULES = YES;
				CLANG_ENABLE_OBJC_ARC = YES;
				CLANG_ENABLE_OBJC_WEAK = YES;
				CLANG_WARN_BLOCK_CAPTURE_AUTORELEASING = YES;
				CLANG_WARN_BOOL_CONVERSION = YES;
				CLANG_WARN_COMMA = YES;
				CLANG_WARN_CONSTANT_CONVERSION = YES;
				CLANG_WARN_DEPRECATED_OBJC_IMPLEMENTATIONS = YES;
				CLANG_WARN_DIRECT_OBJC_ISA_USAGE = YES_ERROR;
				CLANG_WARN_DOCUMENTATION_COMMENTS = YES;
				CLANG_WARN_EMPTY_BODY = YES;
				CLANG_WARN_ENUM_CONVERSION = YES;
				CLANG_WARN_INFINITE_RECURSION = YES;
				CLANG_WARN_INT_CONVERSION = YES;
				CLANG_WARN_NON_LITERAL_NULL_CONVERSION = YES;
				CLANG_WARN_OBJC_IMPLICIT_RETAIN_SELF = YES;
				CLANG_WARN_OBJC_LITERAL_CONVERSION = YES;
				CLANG_WARN_OBJC_ROOT_CLASS = YES_ERROR;
				CLANG_WARN_RANGE_LOOP_ANALYSIS = YES;
				CLANG_WARN_STRICT_PROTOTYPES = YES;
				CLANG_WARN_SUSPICIOUS_MOVE = YES;
				CLANG_WARN_UNGUARDED_AVAILABILITY = YES_AGGRESSIVE;
				CLANG_WARN_UNREACHABLE_CODE = YES;
				CLANG_WARN__DUPLICATE_METHOD_MATCH = YES;
				CODE_SIGN_IDENTITY = "iPhone Developer";
				COPY_PHASE_STRIP = NO;
				DEBUG_INFORMATION_FORMAT = "dwarf-with-dsym";
				ENABLE_NS_ASSERTIONS = NO;
				ENABLE_STRICT_OBJC_MSGSEND = YES;
				GCC_C_LANGUAGE_STANDARD = gnu11;
				GCC_NO_COMMON_BLOCKS = YES;
				GCC_WARN_64_TO_32_BIT_CONVERSION = YES;
				GCC_WARN_ABOUT_RETURN_TYPE = YES_ERROR;
				GCC_WARN_UNDECLARED_SELECTOR = YES;
				GCC_WARN_UNINITIALIZED_AUTOS = YES_AGGRESSIVE;
				GCC_WARN_UNUSED_FUNCTION = YES;
				GCC_WARN_UNUSED_VARIABLE = YES;
				IPHONEOS_DEPLOYMENT_TARGET = 11.4;
				MTL_ENABLE_DEBUG_INFO = NO;
				SDKROOT = iphoneos;
				VALIDATE_PRODUCT = YES;
			};
			name = Release;
		};
		FF41E1C120F8406700E77A4A /* Debug */ = {
			isa = XCBuildConfiguration;
			buildSettings = {
				ASSETCATALOG_COMPILER_APPICON_NAME = AppIcon;
				CODE_SIGN_STYLE = Automatic;
				INFOPLIST_FILE = "线程基础/Info.plist";
				LD_RUNPATH_SEARCH_PATHS = (
					"$(inherited)",
					"@executable_path/Frameworks",
				);
				PRODUCT_BUNDLE_IDENTIFIER = "com.test.VueDemol.----";
				PRODUCT_NAME = "$(TARGET_NAME)";
				TARGETED_DEVICE_FAMILY = "1,2";
			};
			name = Debug;
		};
		FF41E1C220F8406700E77A4A /* Release */ = {
			isa = XCBuildConfiguration;
			buildSettings = {
				ASSETCATALOG_COMPILER_APPICON_NAME = AppIcon;
				CODE_SIGN_STYLE = Automatic;
				INFOPLIST_FILE = "线程基础/Info.plist";
				LD_RUNPATH_SEARCH_PATHS = (
					"$(inherited)",
					"@executable_path/Frameworks",
				);
				PRODUCT_BUNDLE_IDENTIFIER = "com.test.VueDemol.----";
				PRODUCT_NAME = "$(TARGET_NAME)";
				TARGETED_DEVICE_FAMILY = "1,2";
			};
			name = Release;
		};
		FF41E1C420F8406700E77A4A /* Debug */ = {
			isa = XCBuildConfiguration;
			buildSettings = {
				BUNDLE_LOADER = "$(TEST_HOST)";
				CODE_SIGN_STYLE = Automatic;
				INFOPLIST_FILE = "线程基础Tests/Info.plist";
				LD_RUNPATH_SEARCH_PATHS = (
					"$(inherited)",
					"@executable_path/Frameworks",
					"@loader_path/Frameworks",
				);
				PRODUCT_BUNDLE_IDENTIFIER = "com.test.VueDemol.----Tests";
				PRODUCT_NAME = "$(TARGET_NAME)";
				TARGETED_DEVICE_FAMILY = "1,2";
				TEST_HOST = "$(BUILT_PRODUCTS_DIR)/线程基础.app/线程基础";
			};
			name = Debug;
		};
		FF41E1C520F8406700E77A4A /* Release */ = {
			isa = XCBuildConfiguration;
			buildSettings = {
				BUNDLE_LOADER = "$(TEST_HOST)";
				CODE_SIGN_STYLE = Automatic;
				INFOPLIST_FILE = "线程基础Tests/Info.plist";
				LD_RUNPATH_SEARCH_PATHS = (
					"$(inherited)",
					"@executable_path/Frameworks",
					"@loader_path/Frameworks",
				);
				PRODUCT_BUNDLE_IDENTIFIER = "com.test.VueDemol.----Tests";
				PRODUCT_NAME = "$(TARGET_NAME)";
				TARGETED_DEVICE_FAMILY = "1,2";
				TEST_HOST = "$(BUILT_PRODUCTS_DIR)/线程基础.app/线程基础";
			};
			name = Release;
		};
		FF41E1C720F8406700E77A4A /* Debug */ = {
			isa = XCBuildConfiguration;
			buildSettings = {
				CODE_SIGN_STYLE = Automatic;
				INFOPLIST_FILE = "线程基础UITests/Info.plist";
				LD_RUNPATH_SEARCH_PATHS = (
					"$(inherited)",
					"@executable_path/Frameworks",
					"@loader_path/Frameworks",
				);
				PRODUCT_BUNDLE_IDENTIFIER = "com.test.VueDemol.----UITests";
				PRODUCT_NAME = "$(TARGET_NAME)";
				TARGETED_DEVICE_FAMILY = "1,2";
				TEST_TARGET_NAME = "线程基础";
			};
			name = Debug;
		};
		FF41E1C820F8406700E77A4A /* Release */ = {
			isa = XCBuildConfiguration;
			buildSettings = {
				CODE_SIGN_STYLE = Automatic;
				INFOPLIST_FILE = "线程基础UITests/Info.plist";
				LD_RUNPATH_SEARCH_PATHS = (
					"$(inherited)",
					"@executable_path/Frameworks",
					"@loader_path/Frameworks",
				);
				PRODUCT_BUNDLE_IDENTIFIER = "com.test.VueDemol.----UITests";
				PRODUCT_NAME = "$(TARGET_NAME)";
				TARGETED_DEVICE_FAMILY = "1,2";
				TEST_TARGET_NAME = "线程基础";
			};
			name = Release;
		};
/* End XCBuildConfiguration section */

/* Begin XCConfigurationList section */
		FF41E18F20F8406500E77A4A /* Build configuration list for PBXProject "线程基础" */ = {
			isa = XCConfigurationList;
			buildConfigurations = (
				FF41E1BE20F8406700E77A4A /* Debug */,
				FF41E1BF20F8406700E77A4A /* Release */,
			);
			defaultConfigurationIsVisible = 0;
			defaultConfigurationName = Release;
		};
		FF41E1C020F8406700E77A4A /* Build configuration list for PBXNativeTarget "线程基础" */ = {
			isa = XCConfigurationList;
			buildConfigurations = (
				FF41E1C120F8406700E77A4A /* Debug */,
				FF41E1C220F8406700E77A4A /* Release */,
			);
			defaultConfigurationIsVisible = 0;
			defaultConfigurationName = Release;
		};
		FF41E1C320F8406700E77A4A /* Build configuration list for PBXNativeTarget "线程基础Tests" */ = {
			isa = XCConfigurationList;
			buildConfigurations = (
				FF41E1C420F8406700E77A4A /* Debug */,
				FF41E1C520F8406700E77A4A /* Release */,
			);
			defaultConfigurationIsVisible = 0;
			defaultConfigurationName = Release;
		};
		FF41E1C620F8406700E77A4A /* Build configuration list for PBXNativeTarget "线程基础UITests" */ = {
			isa = XCConfigurationList;
			buildConfigurations = (
				FF41E1C720F8406700E77A4A /* Debug */,
				FF41E1C820F8406700E77A4A /* Release */,
			);
			defaultConfigurationIsVisible = 0;
			defaultConfigurationName = Release;
		};
/* End XCConfigurationList section */
	};
	rootObject = FF41E18C20F8406500E77A4A /* Project object */;
}
